
Microsoft Visual Studio Solution File, Format Version 12.00
# Visual Studio Version 17
VisualStudioVersion = 17.2.32630.192
MinimumVisualStudioVersion = 10.0.40219.1
Project("{9A19103F-16F7-4668-BE54-9A1E7A4F7556}") = "MISA.UT.LegacyCode.TripServiceKata", "MISA.UT.LegacyCode.TripServiceKata\MISA.UT.LegacyCode.TripServiceKata.csproj", "{4C5C4F8D-C2B1-4AB0-B6CB-E88E27F9FE18}"
EndProject
Project("{9A19103F-16F7-4668-BE54-9A1E7A4F7556}") = "MISA.UT.LegacyCode.TripServiceKata.Tests", "MISA.UT.LegacyCode.TripServiceKata.Tests\MISA.UT.LegacyCode.TripServiceKata.Tests.csproj", "{AFA93B59-CC0D-4CFD-B235-3F8ECBDF29C3}"
EndProject
Global
	GlobalSection(SolutionConfigurationPlatforms) = preSolution
		Debug|Any CPU = Debug|Any CPU
		Release|Any CPU = Release|Any CPU
	EndGlobalSection
	GlobalSection(ProjectConfigurationPlatforms) = postSolution
		{4C5C4F8D-C2B1-4AB0-B6CB-E88E27F9FE18}.Debug|Any CPU.ActiveCfg = Debug|Any CPU
		{4C5C4F8D-C2B1-4AB0-B6CB-E88E27F9FE18}.Debug|Any CPU.Build.0 = Debug|Any CPU
		{4C5C4F8D-C2B1-4AB0-B6CB-E88E27F9FE18}.Release|Any CPU.ActiveCfg = Release|Any CPU
		{4C5C4F8D-C2B1-4AB0-B6CB-E88E27F9FE18}.Release|Any CPU.Build.0 = Release|Any CPU
		{AFA93B59-CC0D-4CFD-B235-3F8ECBDF29C3}.Debug|Any CPU.ActiveCfg = Debug|Any CPU
		{AFA93B59-CC0D-4CFD-B235-3F8ECBDF29C3}.Debug|Any CPU.Build.0 = Debug|Any CPU
		{AFA93B59-CC0D-4CFD-B235-3F8ECBDF29C3}.Release|Any CPU.ActiveCfg = Release|Any CPU
		{AFA93B59-CC0D-4CFD-B235-3F8ECBDF29C3}.Release|Any CPU.Build.0 = Release|Any CPU
	EndGlobalSection
	GlobalSection(SolutionProperties) = preSolution
		HideSolutionNode = FALSE
	EndGlobalSection
	GlobalSection(ExtensibilityGlobals) = postSolution
		SolutionGuid = {FF71C0F3-8B5C-4402-8F7C-7994C9461C57}
	EndGlobalSection
EndGlobal
